
Microsoft Visual Studio Solution File, Format Version 12.00
Project("{FAE04EC0-301F-11D3-BF4B-00C04F79EFBC}") = "Hipokrates", "Hipokrates\Hipokrates.csproj", "{749D4BD6-D05D-4198-B4CE-8396BEF785D7}"
EndProject
Global
	GlobalSection(SolutionConfigurationPlatforms) = preSolution
		Debug|Any CPU = Debug|Any CPU
		Release|Any CPU = Release|Any CPU
	EndGlobalSection
	GlobalSection(ProjectConfigurationPlatforms) = postSolution
		{749D4BD6-D05D-4198-B4CE-8396BEF785D7}.Debug|Any CPU.ActiveCfg = Debug|Any CPU
		{749D4BD6-D05D-4198-B4CE-8396BEF785D7}.Debug|Any CPU.Build.0 = Debug|Any CPU
		{749D4BD6-D05D-4198-B4CE-8396BEF785D7}.Release|Any CPU.ActiveCfg = Release|Any CPU
		{749D4BD6-D05D-4198-B4CE-8396BEF785D7}.Release|Any CPU.Build.0 = Release|Any CPU
	EndGlobalSection
EndGlobal
